{
    "_meta": {
        "hash": {
            "sha256": "3ee16ed009979be2dcb4ea249593eb2f567825b256f02b320430b65aa4c14e35"
        },
        "pipfile-spec": 6,
        "requires": {
            "python_version": "3.8"
        },
        "sources": [
            {
                "name": "pypi",
                "url": "https://pypi.org/simple",
                "verify_ssl": true
            }
        ]
    },
    "default": {
        "tqdm": {
            "hashes": [
                "sha256:6baa75a88582b1db6d34ce4690da5501d2a1cb65c34664840a456b2c9f794d29",
                "sha256:fcb7cb5b729b60a27f300b15c1ffd4744f080fb483b88f31dc8654b082cc8ea5"
            ],
            "index": "pypi",
            "version": "==4.48.0"
        }
    },
    "develop": {}
}
